
Microsoft Visual Studio Solution File, Format Version 12.00
# Visual Studio Version 16
VisualStudioVersion = 16.0.29411.108
MinimumVisualStudioVersion = 10.0.40219.1
Project("{FAE04EC0-301F-11D3-BF4B-00C04F79EFBC}") = "FormComedia", "FormComedia.csproj", "{71499E13-4EA3-415B-9E72-00DF3031D9A1}"
	ProjectSection(ProjectDependencies) = postProject
		{BE7F4A49-336E-43FA-AEE8-3855DFAE1CCD} = {BE7F4A49-336E-43FA-AEE8-3855DFAE1CCD}
	EndProjectSection
EndProject
Project("{FAE04EC0-301F-11D3-BF4B-00C04F79EFBC}") = "ComediaCore", "..\ComedyCore\ComediaCore.csproj", "{BE7F4A49-336E-43FA-AEE8-3855DFAE1CCD}"
EndProject
Project("{FAE04EC0-301F-11D3-BF4B-00C04F79EFBC}") = "ComediaTest", "..\ComediaTest\ComediaTest.csproj", "{A155D36A-ABDE-47CC-B262-8CC15424B14A}"
EndProject
Global
	GlobalSection(SolutionConfigurationPlatforms) = preSolution
		Debug|Any CPU = Debug|Any CPU
		Release|Any CPU = Release|Any CPU
	EndGlobalSection
	GlobalSection(ProjectConfigurationPlatforms) = postSolution
		{71499E13-4EA3-415B-9E72-00DF3031D9A1}.Debug|Any CPU.ActiveCfg = Debug|Any CPU
		{71499E13-4EA3-415B-9E72-00DF3031D9A1}.Debug|Any CPU.Build.0 = Debug|Any CPU
		{71499E13-4EA3-415B-9E72-00DF3031D9A1}.Release|Any CPU.ActiveCfg = Release|Any CPU
		{71499E13-4EA3-415B-9E72-00DF3031D9A1}.Release|Any CPU.Build.0 = Release|Any CPU
		{BE7F4A49-336E-43FA-AEE8-3855DFAE1CCD}.Debug|Any CPU.ActiveCfg = Debug|Any CPU
		{BE7F4A49-336E-43FA-AEE8-3855DFAE1CCD}.Debug|Any CPU.Build.0 = Debug|Any CPU
		{BE7F4A49-336E-43FA-AEE8-3855DFAE1CCD}.Release|Any CPU.ActiveCfg = Release|Any CPU
		{BE7F4A49-336E-43FA-AEE8-3855DFAE1CCD}.Release|Any CPU.Build.0 = Release|Any CPU
		{A155D36A-ABDE-47CC-B262-8CC15424B14A}.Debug|Any CPU.ActiveCfg = Debug|Any CPU
		{A155D36A-ABDE-47CC-B262-8CC15424B14A}.Debug|Any CPU.Build.0 = Debug|Any CPU
		{A155D36A-ABDE-47CC-B262-8CC15424B14A}.Release|Any CPU.ActiveCfg = Release|Any CPU
		{A155D36A-ABDE-47CC-B262-8CC15424B14A}.Release|Any CPU.Build.0 = Release|Any CPU
	EndGlobalSection
	GlobalSection(SolutionProperties) = preSolution
		HideSolutionNode = FALSE
	EndGlobalSection
	GlobalSection(ExtensibilityGlobals) = postSolution
		SolutionGuid = {741C1035-FDB9-4991-AE5B-403555FF0A53}
	EndGlobalSection
EndGlobal
